
Microsoft Visual Studio Solution File, Format Version 12.00
# Visual Studio 15
VisualStudioVersion = 15.0.28307.1433
MinimumVisualStudioVersion = 10.0.40219.1
Project("{159641D6-6404-4A2A-AE62-294DE0FE8301}") = "TMS", "TMS\TMS.dtproj", "{0E4177EC-D3B9-46D9-B3E1-AA3690A9AE3E}"
EndProject
Global
	GlobalSection(SolutionConfigurationPlatforms) = preSolution
		Development|Default = Development|Default
	EndGlobalSection
	GlobalSection(ProjectConfigurationPlatforms) = postSolution
		{0E4177EC-D3B9-46D9-B3E1-AA3690A9AE3E}.Development|Default.ActiveCfg = Development
		{0E4177EC-D3B9-46D9-B3E1-AA3690A9AE3E}.Development|Default.Build.0 = Development
	EndGlobalSection
	GlobalSection(SolutionProperties) = preSolution
		HideSolutionNode = FALSE
	EndGlobalSection
	GlobalSection(ExtensibilityGlobals) = postSolution
		SolutionGuid = {16A770A1-AC10-47F6-A853-B2FE72E49814}
	EndGlobalSection
EndGlobal
