
Microsoft Visual Studio Solution File, Format Version 12.00
# Visual Studio 15
VisualStudioVersion = 15.0.28307.1433
MinimumVisualStudioVersion = 10.0.40219.1
Project("{159641D6-6404-4A2A-AE62-294DE0FE8301}") = "dynamics file gen", "dynamics file gen\dynamics file gen.dtproj", "{4890B7D5-4BF9-458E-9612-52B371412207}"
EndProject
Global
	GlobalSection(SolutionConfigurationPlatforms) = preSolution
		Development|Default = Development|Default
	EndGlobalSection
	GlobalSection(ProjectConfigurationPlatforms) = postSolution
		{4890B7D5-4BF9-458E-9612-52B371412207}.Development|Default.ActiveCfg = Development
		{4890B7D5-4BF9-458E-9612-52B371412207}.Development|Default.Build.0 = Development
	EndGlobalSection
	GlobalSection(SolutionProperties) = preSolution
		HideSolutionNode = FALSE
	EndGlobalSection
	GlobalSection(ExtensibilityGlobals) = postSolution
		SolutionGuid = {A1A6AE05-3C3E-455E-AA65-ECD781CA205A}
	EndGlobalSection
EndGlobal
