
Microsoft Visual Studio Solution File, Format Version 12.00
# Visual Studio 15
VisualStudioVersion = 15.0.28307.1433
MinimumVisualStudioVersion = 10.0.40219.1
Project("{159641D6-6404-4A2A-AE62-294DE0FE8301}") = "Purging_New", "Purging_New\Purging_New.dtproj", "{39304FF2-9A46-4648-8640-9B8877225BD4}"
EndProject
Global
	GlobalSection(SolutionConfigurationPlatforms) = preSolution
		Development|Default = Development|Default
	EndGlobalSection
	GlobalSection(ProjectConfigurationPlatforms) = postSolution
		{39304FF2-9A46-4648-8640-9B8877225BD4}.Development|Default.ActiveCfg = Development
		{39304FF2-9A46-4648-8640-9B8877225BD4}.Development|Default.Build.0 = Development
	EndGlobalSection
	GlobalSection(SolutionProperties) = preSolution
		HideSolutionNode = FALSE
	EndGlobalSection
	GlobalSection(ExtensibilityGlobals) = postSolution
		SolutionGuid = {6F3E9C32-1B4F-435F-81E0-5058D929CA27}
	EndGlobalSection
EndGlobal
