
Microsoft Visual Studio Solution File, Format Version 12.00
# Visual Studio 15
VisualStudioVersion = 15.0.28307.1433
MinimumVisualStudioVersion = 10.0.40219.1
Project("{159641D6-6404-4A2A-AE62-294DE0FE8301}") = "Rewards gateway", "Rewards gateway\Rewards gateway.dtproj", "{AFEFE3C5-279F-4E72-B539-13BB43251CB5}"
EndProject
Global
	GlobalSection(SolutionConfigurationPlatforms) = preSolution
		Development|Default = Development|Default
	EndGlobalSection
	GlobalSection(ProjectConfigurationPlatforms) = postSolution
		{AFEFE3C5-279F-4E72-B539-13BB43251CB5}.Development|Default.ActiveCfg = Development
		{AFEFE3C5-279F-4E72-B539-13BB43251CB5}.Development|Default.Build.0 = Development
	EndGlobalSection
	GlobalSection(SolutionProperties) = preSolution
		HideSolutionNode = FALSE
	EndGlobalSection
	GlobalSection(ExtensibilityGlobals) = postSolution
		SolutionGuid = {57653DCE-D88E-431D-AD64-E3230F76328F}
	EndGlobalSection
EndGlobal
