
Microsoft Visual Studio Solution File, Format Version 12.00
# Visual Studio 15
VisualStudioVersion = 15.0.28307.1433
MinimumVisualStudioVersion = 10.0.40219.1
Project("{159641D6-6404-4A2A-AE62-294DE0FE8301}") = "Zurich", "Zurich\Zurich.dtproj", "{AA5083B6-FF9B-4074-B8B3-5218ECD28AC4}"
EndProject
Global
	GlobalSection(SolutionConfigurationPlatforms) = preSolution
		Development|Default = Development|Default
	EndGlobalSection
	GlobalSection(ProjectConfigurationPlatforms) = postSolution
		{AA5083B6-FF9B-4074-B8B3-5218ECD28AC4}.Development|Default.ActiveCfg = Development
		{AA5083B6-FF9B-4074-B8B3-5218ECD28AC4}.Development|Default.Build.0 = Development
	EndGlobalSection
	GlobalSection(SolutionProperties) = preSolution
		HideSolutionNode = FALSE
	EndGlobalSection
	GlobalSection(ExtensibilityGlobals) = postSolution
		SolutionGuid = {5D3FF3FD-23C2-4785-8C44-A4790F2C707F}
	EndGlobalSection
EndGlobal
